schema: '2.0'
stages:
  data_ingestion:
    cmd: python -m src.data_ingestion
    deps:
    - path: src/data_ingestion.py
      hash: md5
      md5: 4f542f5f0e1be3ec633c0466e68299ac
      size: 1259
    params:
      params.yaml:
        data_ingestion.random_state: 42
        data_ingestion.test_size: 0.2
    outs:
    - path: data/raw
      hash: md5
      md5: 2e505a7be5f9a62d672b3b9f91ba3c6c.dir
      size: 122448
      nfiles: 2
  preprocessing:
    cmd: python -m src.preprocessing
    deps:
    - path: data/raw
      hash: md5
      md5: 2e505a7be5f9a62d672b3b9f91ba3c6c.dir
      size: 122448
      nfiles: 2
    - path: src/preprocessing.py
      hash: md5
      md5: 49969f5544a75a9bc8a150e58f9b32bb
      size: 1735
    params:
      params.yaml:
        preprocessing.scaler_type: standard
    outs:
    - path: data/interim
      hash: md5
      md5: 49f9912489f27a304fd0b9d257e99434.dir
      size: 339893
      nfiles: 2
  model_building:
    cmd: python -m src.model_building
    deps:
    - path: data/interim
      hash: md5
      md5: 49f9912489f27a304fd0b9d257e99434.dir
      size: 339893
      nfiles: 2
    - path: src/model_building.py
      hash: md5
      md5: 89c25fbf4a8aaff15ec69c6ed0173d2e
      size: 2303
    params:
      params.yaml:
        model_building.base_learners:
          decision_tree:
            max_depth: 6
          logistic_regression:
            C: 1.0
          svc:
            C: 1.0
            kernel: rbf
        model_building.k_folds: 5
        model_building.meta_learner:
          n_estimators: 100
        model_building.random_state: 42
    outs:
    - path: models/stacking_model.pkl
      hash: md5
      md5: 9ba4888a488f2e6ca196d0fba71c2251
      size: 285076
  model_evaluation:
    cmd: python -m src.model_evaluation
    deps:
    - path: models/stacking_model.pkl
      hash: md5
      md5: 9ba4888a488f2e6ca196d0fba71c2251
      size: 285076
    - path: src/model_evaluation.py
      hash: md5
      md5: 0ff4ee68633efde64139986bfd739900
      size: 2530
    outs:
    - path: dvclive
      hash: md5
      md5: b8b28159e6d059b93a56e4ee368963e6.dir
      size: 9463
      nfiles: 5
    - path: reports/comparison_table.csv
      hash: md5
      md5: 37d97544a2e2f9c476b5ae3e620650ce
      size: 174
    - path: reports/report.txt
      hash: md5
      md5: 64d65148e13b2ace811919024e022445
      size: 302
